
Microsoft Visual Studio Solution File, Format Version 11.00
# Visual Studio 2010
Project("{E24C65DC-7377-472B-9ABA-BC803B73C61A}") = "PeopleCore", "..\PeopleCore\", "{60E9D857-377F-4FB1-929F-D8CA7E06A92C}"
	ProjectSection(WebsiteProperties) = preProject
		Frontpage = "false"
		TargetFrameworkMoniker = ".NETFramework,Version%3Dv4.0"
		Debug.AspNetCompiler.VirtualPath = "/PeopleCore"
		Debug.AspNetCompiler.PhysicalPath = "..\PeopleCore\"
		Debug.AspNetCompiler.TargetPath = "PrecompiledWeb\PeopleCore\"
		Debug.AspNetCompiler.Updateable = "true"
		Debug.AspNetCompiler.ForceOverwrite = "true"
		Debug.AspNetCompiler.FixedNames = "false"
		Debug.AspNetCompiler.Debug = "True"
		Release.AspNetCompiler.VirtualPath = "/PeopleCore"
		Release.AspNetCompiler.PhysicalPath = "..\PeopleCore\"
		Release.AspNetCompiler.TargetPath = "PrecompiledWeb\PeopleCore\"
		Release.AspNetCompiler.Updateable = "true"
		Release.AspNetCompiler.ForceOverwrite = "true"
		Release.AspNetCompiler.FixedNames = "false"
		Release.AspNetCompiler.Debug = "False"
		VWDPort = "56232"
		DefaultWebSiteLanguage = "Visual Basic"
	EndProjectSection
EndProject
Global
	GlobalSection(SolutionConfigurationPlatforms) = preSolution
		Debug|Any CPU = Debug|Any CPU
	EndGlobalSection
	GlobalSection(ProjectConfigurationPlatforms) = postSolution
		{60E9D857-377F-4FB1-929F-D8CA7E06A92C}.Debug|Any CPU.ActiveCfg = Debug|Any CPU
		{60E9D857-377F-4FB1-929F-D8CA7E06A92C}.Debug|Any CPU.Build.0 = Debug|Any CPU
	EndGlobalSection
	GlobalSection(SolutionProperties) = preSolution
		HideSolutionNode = FALSE
	EndGlobalSection
	GlobalSection(ExtensibilityGlobals) = postSolution
		EnterpriseLibraryConfigurationToolBinariesPath = packages\Unity.2.1.505.0\lib\NET35;packages\Unity.Interception.2.1.505.0\lib\NET35;packages\EnterpriseLibrary.Common.5.0.505.0\lib\NET35;packages\EnterpriseLibrary.Data.5.0.505.0\lib\NET35
	EndGlobalSection
EndGlobal
